// !$*UTF8*$!
{
	archiveVersion = 1;
	classes = {
	};
	objectVersion = 46;
	objects = {

/* Begin PBXBuildFile section */
		0E0898701F3609E60071F83E /* DownloadManager.swift in Sources */ = {isa = PBXBuildFile; fileRef = 0E08986F1F3609E60071F83E /* DownloadManager.swift */; };
		0E10CD3E1F34F6A400B80BA3 /* Extensions.swift in Sources */ = {isa = PBXBuildFile; fileRef = 0E10CD3D1F34F6A400B80BA3 /* Extensions.swift */; };
		0E10CD401F350C9A00B80BA3 /* VIP.xml in Resources */ = {isa = PBXBuildFile; fileRef = 0E10CD3F1F350C9A00B80BA3 /* VIP.xml */; };
		0E10CD451F350D4000B80BA3 /* User.swift in Sources */ = {isa = PBXBuildFile; fileRef = 0E10CD441F350D4000B80BA3 /* User.swift */; };
		0E10CD481F3514DB00B80BA3 /* UserView.swift in Sources */ = {isa = PBXBuildFile; fileRef = 0E10CD471F3514DB00B80BA3 /* UserView.swift */; };
		0E10CD4E1F3524CA00B80BA3 /* GlobalFuncs.swift in Sources */ = {isa = PBXBuildFile; fileRef = 0E10CD4D1F3524CA00B80BA3 /* GlobalFuncs.swift */; };
		0EF36EBB1F3213B800636B1B /* AppDelegate.swift in Sources */ = {isa = PBXBuildFile; fileRef = 0EF36EBA1F3213B800636B1B /* AppDelegate.swift */; };
		0EF36EBD1F3213B800636B1B /* LoginViewController.swift in Sources */ = {isa = PBXBuildFile; fileRef = 0EF36EBC1F3213B800636B1B /* LoginViewController.swift */; };
		0EF36EC01F3213B800636B1B /* Main.storyboard in Resources */ = {isa = PBXBuildFile; fileRef = 0EF36EBE1F3213B800636B1B /* Main.storyboard */; };
		0EF36EC21F3213B800636B1B /* Assets.xcassets in Resources */ = {isa = PBXBuildFile; fileRef = 0EF36EC11F3213B800636B1B /* Assets.xcassets */; };
		0EF36EC51F3213B800636B1B /* LaunchScreen.storyboard in Resources */ = {isa = PBXBuildFile; fileRef = 0EF36EC31F3213B800636B1B /* LaunchScreen.storyboard */; };
		0EF36ED31F32156100636B1B /* HomeViewController.swift in Sources */ = {isa = PBXBuildFile; fileRef = 0EF36ED21F32156100636B1B /* HomeViewController.swift */; };
		0EF36ED51F32156D00636B1B /* HomeControllers+funcs.swift in Sources */ = {isa = PBXBuildFile; fileRef = 0EF36ED41F32156D00636B1B /* HomeControllers+funcs.swift */; };
		0EF36ED71F32176900636B1B /* LoginController+funcs.swift in Sources */ = {isa = PBXBuildFile; fileRef = 0EF36ED61F32176900636B1B /* LoginController+funcs.swift */; };
		7E03ACCF2B452A2EFA4F018A /* Pods_VIP_Tematik.framework in Frameworks */ = {isa = PBXBuildFile; fileRef = 51BBC628C714F5810C549834 /* Pods_VIP_Tematik.framework */; };
/* End PBXBuildFile section */

/* Begin PBXFileReference section */
		0E08986F1F3609E60071F83E /* DownloadManager.swift */ = {isa = PBXFileReference; fileEncoding = 4; lastKnownFileType = sourcecode.swift; path = DownloadManager.swift; sourceTree = "<group>"; };
		0E10CD3D1F34F6A400B80BA3 /* Extensions.swift */ = {isa = PBXFileReference; fileEncoding = 4; lastKnownFileType = sourcecode.swift; path = Extensions.swift; sourceTree = "<group>"; };
		0E10CD3F1F350C9A00B80BA3 /* VIP.xml */ = {isa = PBXFileReference; fileEncoding = 4; lastKnownFileType = text.xml; path = VIP.xml; sourceTree = "<group>"; };
		0E10CD441F350D4000B80BA3 /* User.swift */ = {isa = PBXFileReference; fileEncoding = 4; lastKnownFileType = sourcecode.swift; path = User.swift; sourceTree = "<group>"; };
		0E10CD471F3514DB00B80BA3 /* UserView.swift */ = {isa = PBXFileReference; fileEncoding = 4; lastKnownFileType = sourcecode.swift; path = UserView.swift; sourceTree = "<group>"; };
		0E10CD4D1F3524CA00B80BA3 /* GlobalFuncs.swift */ = {isa = PBXFileReference; fileEncoding = 4; lastKnownFileType = sourcecode.swift; path = GlobalFuncs.swift; sourceTree = "<group>"; };
		0EF36EB71F3213B800636B1B /* VIP-Tematik.app */ = {isa = PBXFileReference; explicitFileType = wrapper.application; includeInIndex = 0; path = "VIP-Tematik.app"; sourceTree = BUILT_PRODUCTS_DIR; };
		0EF36EBA1F3213B800636B1B /* AppDelegate.swift */ = {isa = PBXFileReference; lastKnownFileType = sourcecode.swift; path = AppDelegate.swift; sourceTree = "<group>"; };
		0EF36EBC1F3213B800636B1B /* LoginViewController.swift */ = {isa = PBXFileReference; lastKnownFileType = sourcecode.swift; path = LoginViewController.swift; sourceTree = "<group>"; };
		0EF36EBF1F3213B800636B1B /* Base */ = {isa = PBXFileReference; lastKnownFileType = file.storyboard; name = Base; path = Base.lproj/Main.storyboard; sourceTree = "<group>"; };
		0EF36EC11F3213B800636B1B /* Assets.xcassets */ = {isa = PBXFileReference; lastKnownFileType = folder.assetcatalog; path = Assets.xcassets; sourceTree = "<group>"; };
		0EF36EC41F3213B800636B1B /* Base */ = {isa = PBXFileReference; lastKnownFileType = file.storyboard; name = Base; path = Base.lproj/LaunchScreen.storyboard; sourceTree = "<group>"; };
		0EF36EC61F3213B800636B1B /* Info.plist */ = {isa = PBXFileReference; lastKnownFileType = text.plist.xml; path = Info.plist; sourceTree = "<group>"; };
		0EF36ED21F32156100636B1B /* HomeViewController.swift */ = {isa = PBXFileReference; fileEncoding = 4; lastKnownFileType = sourcecode.swift; path = HomeViewController.swift; sourceTree = "<group>"; };
		0EF36ED41F32156D00636B1B /* HomeControllers+funcs.swift */ = {isa = PBXFileReference; fileEncoding = 4; lastKnownFileType = sourcecode.swift; path = "HomeControllers+funcs.swift"; sourceTree = "<group>"; };
		0EF36ED61F32176900636B1B /* LoginController+funcs.swift */ = {isa = PBXFileReference; fileEncoding = 4; lastKnownFileType = sourcecode.swift; path = "LoginController+funcs.swift"; sourceTree = "<group>"; };
		1F68DD6CDA2433794879B712 /* Pods-VIP-Tematik.debug.xcconfig */ = {isa = PBXFileReference; includeInIndex = 1; lastKnownFileType = text.xcconfig; name = "Pods-VIP-Tematik.debug.xcconfig"; path = "Pods/Target Support Files/Pods-VIP-Tematik/Pods-VIP-Tematik.debug.xcconfig"; sourceTree = "<group>"; };
		51BBC628C714F5810C549834 /* Pods_VIP_Tematik.framework */ = {isa = PBXFileReference; explicitFileType = wrapper.framework; includeInIndex = 0; path = Pods_VIP_Tematik.framework; sourceTree = BUILT_PRODUCTS_DIR; };
		7D66A3CFE4FB621E0DB7E116 /* Pods-VIP-Tematik.release.xcconfig */ = {isa = PBXFileReference; includeInIndex = 1; lastKnownFileType = text.xcconfig; name = "Pods-VIP-Tematik.release.xcconfig"; path = "Pods/Target Support Files/Pods-VIP-Tematik/Pods-VIP-Tematik.release.xcconfig"; sourceTree = "<group>"; };
/* End PBXFileReference section */

/* Begin PBXFrameworksBuildPhase section */
		0EF36EB41F3213B800636B1B /* Frameworks */ = {
			isa = PBXFrameworksBuildPhase;
			buildActionMask = 2147483647;
			files = (
				7E03ACCF2B452A2EFA4F018A /* Pods_VIP_Tematik.framework in Frameworks */,
			);
			runOnlyForDeploymentPostprocessing = 0;
		};
/* End PBXFrameworksBuildPhase section */

/* Begin PBXGroup section */
		0E10CD431F350D2E00B80BA3 /* Models */ = {
			isa = PBXGroup;
			children = (
				0E10CD441F350D4000B80BA3 /* User.swift */,
			);
			name = Models;
			sourceTree = "<group>";
		};
		0E10CD491F35187D00B80BA3 /* Views */ = {
			isa = PBXGroup;
			children = (
				0E10CD471F3514DB00B80BA3 /* UserView.swift */,
				0E10CD4D1F3524CA00B80BA3 /* GlobalFuncs.swift */,
			);
			name = Views;
			sourceTree = "<group>";
		};
		0EF36EAE1F3213B800636B1B = {
			isa = PBXGroup;
			children = (
				0EF36EB91F3213B800636B1B /* VIP-Tematik */,
				0EF36EB81F3213B800636B1B /* Products */,
				2735395BDDA2E95911F16EA6 /* Pods */,
				47F59746EF0F955ED018E99D /* Frameworks */,
			);
			sourceTree = "<group>";
		};
		0EF36EB81F3213B800636B1B /* Products */ = {
			isa = PBXGroup;
			children = (
				0EF36EB71F3213B800636B1B /* VIP-Tematik.app */,
			);
			name = Products;
			sourceTree = "<group>";
		};
		0EF36EB91F3213B800636B1B /* VIP-Tematik */ = {
			isa = PBXGroup;
			children = (
				0EF36EBA1F3213B800636B1B /* AppDelegate.swift */,
				0EF36EC11F3213B800636B1B /* Assets.xcassets */,
				0E10CD431F350D2E00B80BA3 /* Models */,
				0E10CD491F35187D00B80BA3 /* Views */,
				0EF36ECD1F3213ED00636B1B /* Controllers */,
				0EF36ECF1F3213FD00636B1B /* Storyboards */,
				0EF36ECE1F3213F200636B1B /* Helpers */,
				0EF36ECC1F3213E300636B1B /* Resources */,
				0EF36EC61F3213B800636B1B /* Info.plist */,
			);
			path = "VIP-Tematik";
			sourceTree = "<group>";
		};
		0EF36ECC1F3213E300636B1B /* Resources */ = {
			isa = PBXGroup;
			children = (
				0E10CD3F1F350C9A00B80BA3 /* VIP.xml */,
			);
			name = Resources;
			sourceTree = "<group>";
		};
		0EF36ECD1F3213ED00636B1B /* Controllers */ = {
			isa = PBXGroup;
			children = (
				0EF36ED11F32155300636B1B /* Home */,
				0EF36ED01F32148700636B1B /* Login */,
			);
			name = Controllers;
			sourceTree = "<group>";
		};
		0EF36ECE1F3213F200636B1B /* Helpers */ = {
			isa = PBXGroup;
			children = (
				0E10CD3D1F34F6A400B80BA3 /* Extensions.swift */,
				0E08986F1F3609E60071F83E /* DownloadManager.swift */,
			);
			name = Helpers;
			sourceTree = "<group>";
		};
		0EF36ECF1F3213FD00636B1B /* Storyboards */ = {
			isa = PBXGroup;
			children = (
				0EF36EBE1F3213B800636B1B /* Main.storyboard */,
				0EF36EC31F3213B800636B1B /* LaunchScreen.storyboard */,
			);
			name = Storyboards;
			sourceTree = "<group>";
		};
		0EF36ED01F32148700636B1B /* Login */ = {
			isa = PBXGroup;
			children = (
				0EF36EBC1F3213B800636B1B /* LoginViewController.swift */,
				0EF36ED61F32176900636B1B /* LoginController+funcs.swift */,
			);
			name = Login;
			sourceTree = "<group>";
		};
		0EF36ED11F32155300636B1B /* Home */ = {
			isa = PBXGroup;
			children = (
				0EF36ED21F32156100636B1B /* HomeViewController.swift */,
				0EF36ED41F32156D00636B1B /* HomeControllers+funcs.swift */,
			);
			name = Home;
			sourceTree = "<group>";
		};
		2735395BDDA2E95911F16EA6 /* Pods */ = {
			isa = PBXGroup;
			children = (
				1F68DD6CDA2433794879B712 /* Pods-VIP-Tematik.debug.xcconfig */,
				7D66A3CFE4FB621E0DB7E116 /* Pods-VIP-Tematik.release.xcconfig */,
			);
			name = Pods;
			sourceTree = "<group>";
		};
		47F59746EF0F955ED018E99D /* Frameworks */ = {
			isa = PBXGroup;
			children = (
				51BBC628C714F5810C549834 /* Pods_VIP_Tematik.framework */,
			);
			name = Frameworks;
			sourceTree = "<group>";
		};
/* End PBXGroup section */

/* Begin PBXNativeTarget section */
		0EF36EB61F3213B800636B1B /* VIP-Tematik */ = {
			isa = PBXNativeTarget;
			buildConfigurationList = 0EF36EC91F3213B800636B1B /* Build configuration list for PBXNativeTarget "VIP-Tematik" */;
			buildPhases = (
				22DC8DF70979269003A0DC63 /* [CP] Check Pods Manifest.lock */,
				0EF36EB31F3213B800636B1B /* Sources */,
				0EF36EB41F3213B800636B1B /* Frameworks */,
				0EF36EB51F3213B800636B1B /* Resources */,
				E80237FF9DD6286B36A0C005 /* [CP] Embed Pods Frameworks */,
				93427C7B4BC4858172F9ACA8 /* [CP] Copy Pods Resources */,
			);
			buildRules = (
			);
			dependencies = (
			);
			name = "VIP-Tematik";
			productName = "VIP-Tematik";
			productReference = 0EF36EB71F3213B800636B1B /* VIP-Tematik.app */;
			productType = "com.apple.product-type.application";
		};
/* End PBXNativeTarget section */

/* Begin PBXProject section */
		0EF36EAF1F3213B800636B1B /* Project object */ = {
			isa = PBXProject;
			attributes = {
				LastSwiftUpdateCheck = 0830;
				LastUpgradeCheck = 0830;
				ORGANIZATIONNAME = "Macintosh HD";
				TargetAttributes = {
					0EF36EB61F3213B800636B1B = {
						CreatedOnToolsVersion = 8.3.3;
						DevelopmentTeam = 7L498MZPSW;
						ProvisioningStyle = Automatic;
					};
				};
			};
			buildConfigurationList = 0EF36EB21F3213B800636B1B /* Build configuration list for PBXProject "VIP-Tematik" */;
			compatibilityVersion = "Xcode 3.2";
			developmentRegion = English;
			hasScannedForEncodings = 0;
			knownRegions = (
				en,
				Base,
			);
			mainGroup = 0EF36EAE1F3213B800636B1B;
			productRefGroup = 0EF36EB81F3213B800636B1B /* Products */;
			projectDirPath = "";
			projectRoot = "";
			targets = (
				0EF36EB61F3213B800636B1B /* VIP-Tematik */,
			);
		};
/* End PBXProject section */

/* Begin PBXResourcesBuildPhase section */
		0EF36EB51F3213B800636B1B /* Resources */ = {
			isa = PBXResourcesBuildPhase;
			buildActionMask = 2147483647;
			files = (
				0EF36EC51F3213B800636B1B /* LaunchScreen.storyboard in Resources */,
				0E10CD401F350C9A00B80BA3 /* VIP.xml in Resources */,
				0EF36EC21F3213B800636B1B /* Assets.xcassets in Resources */,
				0EF36EC01F3213B800636B1B /* Main.storyboard in Resources */,
			);
			runOnlyForDeploymentPostprocessing = 0;
		};
/* End PBXResourcesBuildPhase section */

/* Begin PBXShellScriptBuildPhase section */
		22DC8DF70979269003A0DC63 /* [CP] Check Pods Manifest.lock */ = {
			isa = PBXShellScriptBuildPhase;
			buildActionMask = 2147483647;
			files = (
			);
			inputPaths = (
			);
			name = "[CP] Check Pods Manifest.lock";
			outputPaths = (
			);
			runOnlyForDeploymentPostprocessing = 0;
			shellPath = /bin/sh;
			shellScript = "diff \"${PODS_PODFILE_DIR_PATH}/Podfile.lock\" \"${PODS_ROOT}/Manifest.lock\" > /dev/null\nif [ $? != 0 ] ; then\n    # print error to STDERR\n    echo \"error: The sandbox is not in sync with the Podfile.lock. Run 'pod install' or update your CocoaPods installation.\" >&2\n    exit 1\nfi\n";
			showEnvVarsInLog = 0;
		};
		93427C7B4BC4858172F9ACA8 /* [CP] Copy Pods Resources */ = {
			isa = PBXShellScriptBuildPhase;
			buildActionMask = 2147483647;
			files = (
			);
			inputPaths = (
			);
			name = "[CP] Copy Pods Resources";
			outputPaths = (
			);
			runOnlyForDeploymentPostprocessing = 0;
			shellPath = /bin/sh;
			shellScript = "\"${SRCROOT}/Pods/Target Support Files/Pods-VIP-Tematik/Pods-VIP-Tematik-resources.sh\"\n";
			showEnvVarsInLog = 0;
		};
		E80237FF9DD6286B36A0C005 /* [CP] Embed Pods Frameworks */ = {
			isa = PBXShellScriptBuildPhase;
			buildActionMask = 2147483647;
			files = (
			);
			inputPaths = (
			);
			name = "[CP] Embed Pods Frameworks";
			outputPaths = (
			);
			runOnlyForDeploymentPostprocessing = 0;
			shellPath = /bin/sh;
			shellScript = "\"${SRCROOT}/Pods/Target Support Files/Pods-VIP-Tematik/Pods-VIP-Tematik-frameworks.sh\"\n";
			showEnvVarsInLog = 0;
		};
/* End PBXShellScriptBuildPhase section */

/* Begin PBXSourcesBuildPhase section */
		0EF36EB31F3213B800636B1B /* Sources */ = {
			isa = PBXSourcesBuildPhase;
			buildActionMask = 2147483647;
			files = (
				0E10CD481F3514DB00B80BA3 /* UserView.swift in Sources */,
				0EF36ED71F32176900636B1B /* LoginController+funcs.swift in Sources */,
				0E10CD3E1F34F6A400B80BA3 /* Extensions.swift in Sources */,
				0EF36ED51F32156D00636B1B /* HomeControllers+funcs.swift in Sources */,
				0EF36EBD1F3213B800636B1B /* LoginViewController.swift in Sources */,
				0EF36EBB1F3213B800636B1B /* AppDelegate.swift in Sources */,
				0E0898701F3609E60071F83E /* DownloadManager.swift in Sources */,
				0EF36ED31F32156100636B1B /* HomeViewController.swift in Sources */,
				0E10CD451F350D4000B80BA3 /* User.swift in Sources */,
				0E10CD4E1F3524CA00B80BA3 /* GlobalFuncs.swift in Sources */,
			);
			runOnlyForDeploymentPostprocessing = 0;
		};
/* End PBXSourcesBuildPhase section */

/* Begin PBXVariantGroup section */
		0EF36EBE1F3213B800636B1B /* Main.storyboard */ = {
			isa = PBXVariantGroup;
			children = (
				0EF36EBF1F3213B800636B1B /* Base */,
			);
			name = Main.storyboard;
			sourceTree = "<group>";
		};
		0EF36EC31F3213B800636B1B /* LaunchScreen.storyboard */ = {
			isa = PBXVariantGroup;
			children = (
				0EF36EC41F3213B800636B1B /* Base */,
			);
			name = LaunchScreen.storyboard;
			sourceTree = "<group>";
		};
/* End PBXVariantGroup section */

/* Begin XCBuildConfiguration section */
		0EF36EC71F3213B800636B1B /* Debug */ = {
			isa = XCBuildConfiguration;
			buildSettings = {
				ALWAYS_SEARCH_USER_PATHS = NO;
				CLANG_ANALYZER_NONNULL = YES;
				CLANG_ANALYZER_NUMBER_OBJECT_CONVERSION = YES_AGGRESSIVE;
				CLANG_CXX_LANGUAGE_STANDARD = "gnu++0x";
				CLANG_CXX_LIBRARY = "libc++";
				CLANG_ENABLE_MODULES = YES;
				CLANG_ENABLE_OBJC_ARC = YES;
				CLANG_WARN_BOOL_CONVERSION = YES;
				CLANG_WARN_CONSTANT_CONVERSION = YES;
				CLANG_WARN_DIRECT_OBJC_ISA_USAGE = YES_ERROR;
				CLANG_WARN_DOCUMENTATION_COMMENTS = YES;
				CLANG_WARN_EMPTY_BODY = YES;
				CLANG_WARN_ENUM_CONVERSION = YES;
				CLANG_WARN_INFINITE_RECURSION = YES;
				CLANG_WARN_INT_CONVERSION = YES;
				CLANG_WARN_OBJC_ROOT_CLASS = YES_ERROR;
				CLANG_WARN_SUSPICIOUS_MOVE = YES;
				CLANG_WARN_UNREACHABLE_CODE = YES;
				CLANG_WARN__DUPLICATE_METHOD_MATCH = YES;
				"CODE_SIGN_IDENTITY[sdk=iphoneos*]" = "iPhone Developer";
				COPY_PHASE_STRIP = NO;
				DEBUG_INFORMATION_FORMAT = dwarf;
				ENABLE_STRICT_OBJC_MSGSEND = YES;
				ENABLE_TESTABILITY = YES;
				GCC_C_LANGUAGE_STANDARD = gnu99;
				GCC_DYNAMIC_NO_PIC = NO;
				GCC_NO_COMMON_BLOCKS = YES;
				GCC_OPTIMIZATION_LEVEL = 0;
				GCC_PREPROCESSOR_DEFINITIONS = (
					"DEBUG=1",
					"$(inherited)",
				);
				GCC_WARN_64_TO_32_BIT_CONVERSION = YES;
				GCC_WARN_ABOUT_RETURN_TYPE = YES_ERROR;
				GCC_WARN_UNDECLARED_SELECTOR = YES;
				GCC_WARN_UNINITIALIZED_AUTOS = YES_AGGRESSIVE;
				GCC_WARN_UNUSED_FUNCTION = YES;
				GCC_WARN_UNUSED_VARIABLE = YES;
				IPHONEOS_DEPLOYMENT_TARGET = 10.3;
				MTL_ENABLE_DEBUG_INFO = YES;
				ONLY_ACTIVE_ARCH = YES;
				SDKROOT = iphoneos;
				SWIFT_ACTIVE_COMPILATION_CONDITIONS = DEBUG;
				SWIFT_OPTIMIZATION_LEVEL = "-Onone";
				TARGETED_DEVICE_FAMILY = "1,2";
			};
			name = Debug;
		};
		0EF36EC81F3213B800636B1B /* Release */ = {
			isa = XCBuildConfiguration;
			buildSettings = {
				ALWAYS_SEARCH_USER_PATHS = NO;
				CLANG_ANALYZER_NONNULL = YES;
				CLANG_ANALYZER_NUMBER_OBJECT_CONVERSION = YES_AGGRESSIVE;
				CLANG_CXX_LANGUAGE_STANDARD = "gnu++0x";
				CLANG_CXX_LIBRARY = "libc++";
				CLANG_ENABLE_MODULES = YES;
				CLANG_ENABLE_OBJC_ARC = YES;
				CLANG_WARN_BOOL_CONVERSION = YES;
				CLANG_WARN_CONSTANT_CONVERSION = YES;
				CLANG_WARN_DIRECT_OBJC_ISA_USAGE = YES_ERROR;
				CLANG_WARN_DOCUMENTATION_COMMENTS = YES;
				CLANG_WARN_EMPTY_BODY = YES;
				CLANG_WARN_ENUM_CONVERSION = YES;
				CLANG_WARN_INFINITE_RECURSION = YES;
				CLANG_WARN_INT_CONVERSION = YES;
				CLANG_WARN_OBJC_ROOT_CLASS = YES_ERROR;
				CLANG_WARN_SUSPICIOUS_MOVE = YES;
				CLANG_WARN_UNREACHABLE_CODE = YES;
				CLANG_WARN__DUPLICATE_METHOD_MATCH = YES;
				"CODE_SIGN_IDENTITY[sdk=iphoneos*]" = "iPhone Developer";
				COPY_PHASE_STRIP = NO;
				DEBUG_INFORMATION_FORMAT = "dwarf-with-dsym";
				ENABLE_NS_ASSERTIONS = NO;
				ENABLE_STRICT_OBJC_MSGSEND = YES;
				GCC_C_LANGUAGE_STANDARD = gnu99;
				GCC_NO_COMMON_BLOCKS = YES;
				GCC_WARN_64_TO_32_BIT_CONVERSION = YES;
				GCC_WARN_ABOUT_RETURN_TYPE = YES_ERROR;
				GCC_WARN_UNDECLARED_SELECTOR = YES;
				GCC_WARN_UNINITIALIZED_AUTOS = YES_AGGRESSIVE;
				GCC_WARN_UNUSED_FUNCTION = YES;
				GCC_WARN_UNUSED_VARIABLE = YES;
				IPHONEOS_DEPLOYMENT_TARGET = 10.3;
				MTL_ENABLE_DEBUG_INFO = NO;
				SDKROOT = iphoneos;
				SWIFT_OPTIMIZATION_LEVEL = "-Owholemodule";
				TARGETED_DEVICE_FAMILY = "1,2";
				VALIDATE_PRODUCT = YES;
			};
			name = Release;
		};
		0EF36ECA1F3213B800636B1B /* Debug */ = {
			isa = XCBuildConfiguration;
			baseConfigurationReference = 1F68DD6CDA2433794879B712 /* Pods-VIP-Tematik.debug.xcconfig */;
			buildSettings = {
				ASSETCATALOG_COMPILER_APPICON_NAME = AppIcon;
				DEVELOPMENT_TEAM = 7L498MZPSW;
				INFOPLIST_FILE = "VIP-Tematik/Info.plist";
				LD_RUNPATH_SEARCH_PATHS = "$(inherited) @executable_path/Frameworks";
				PRODUCT_BUNDLE_IDENTIFIER = "alkin.VIP-Tematik";
				PRODUCT_NAME = "$(TARGET_NAME)";
				SWIFT_VERSION = 3.0;
			};
			name = Debug;
		};
		0EF36ECB1F3213B800636B1B /* Release */ = {
			isa = XCBuildConfiguration;
			baseConfigurationReference = 7D66A3CFE4FB621E0DB7E116 /* Pods-VIP-Tematik.release.xcconfig */;
			buildSettings = {
				ASSETCATALOG_COMPILER_APPICON_NAME = AppIcon;
				DEVELOPMENT_TEAM = 7L498MZPSW;
				INFOPLIST_FILE = "VIP-Tematik/Info.plist";
				LD_RUNPATH_SEARCH_PATHS = "$(inherited) @executable_path/Frameworks";
				PRODUCT_BUNDLE_IDENTIFIER = "alkin.VIP-Tematik";
				PRODUCT_NAME = "$(TARGET_NAME)";
				SWIFT_VERSION = 3.0;
			};
			name = Release;
		};
/* End XCBuildConfiguration section */

/* Begin XCConfigurationList section */
		0EF36EB21F3213B800636B1B /* Build configuration list for PBXProject "VIP-Tematik" */ = {
			isa = XCConfigurationList;
			buildConfigurations = (
				0EF36EC71F3213B800636B1B /* Debug */,
				0EF36EC81F3213B800636B1B /* Release */,
			);
			defaultConfigurationIsVisible = 0;
			defaultConfigurationName = Release;
		};
		0EF36EC91F3213B800636B1B /* Build configuration list for PBXNativeTarget "VIP-Tematik" */ = {
			isa = XCConfigurationList;
			buildConfigurations = (
				0EF36ECA1F3213B800636B1B /* Debug */,
				0EF36ECB1F3213B800636B1B /* Release */,
			);
			defaultConfigurationIsVisible = 0;
			defaultConfigurationName = Release;
		};
/* End XCConfigurationList section */
	};
	rootObject = 0EF36EAF1F3213B800636B1B /* Project object */;
}
